{
  "name": "js",
  "lockfileVersion": 2,
  "requires": true,
  "packages": {
    "": {
      "dependencies": {
        "multi-download": "^4.0.0"
      }
    },
    "node_modules/multi-download": {
      "version": "4.0.0",
      "resolved": "https://registry.npmjs.org/multi-download/-/multi-download-4.0.0.tgz",
      "integrity": "sha512-w2PTqR0n1pNj3VmC3wFsmBz6kUkZ1VAxeWsDXMaKK6Gp7wp4xDUASmjP5oJ5dj4j4uOOgNL1eCm9JXtdx4sInA=="
    }
  },
  "dependencies": {
    "multi-download": {
      "version": "4.0.0",
      "resolved": "https://registry.npmjs.org/multi-download/-/multi-download-4.0.0.tgz",
      "integrity": "sha512-w2PTqR0n1pNj3VmC3wFsmBz6kUkZ1VAxeWsDXMaKK6Gp7wp4xDUASmjP5oJ5dj4j4uOOgNL1eCm9JXtdx4sInA=="
    }
  }
}
